
Microsoft Visual Studio Solution File, Format Version 11.00
# Visual Studio 2010
Project("{FAE04EC0-301F-11D3-BF4B-00C04F79EFBC}") = "Assembly-CSharp", "Assembly-CSharp.csproj", "{126f33dd-21d2-0a10-a582-40f15a6ab707}"
EndProject
Global
	GlobalSection(SolutionConfigurationPlatforms) = preSolution
		Debug|Any CPU = Debug|Any CPU
		Release|Any CPU = Release|Any CPU
	EndGlobalSection
	GlobalSection(ProjectConfigurationPlatforms) = postSolution
		{126f33dd-21d2-0a10-a582-40f15a6ab707}.Debug|Any CPU.ActiveCfg = Debug|Any CPU
		{126f33dd-21d2-0a10-a582-40f15a6ab707}.Debug|Any CPU.Build.0 = Debug|Any CPU
		{126f33dd-21d2-0a10-a582-40f15a6ab707}.Release|Any CPU.ActiveCfg = Release|Any CPU
		{126f33dd-21d2-0a10-a582-40f15a6ab707}.Release|Any CPU.Build.0 = Release|Any CPU
	EndGlobalSection
	GlobalSection(SolutionProperties) = preSolution
		HideSolutionNode = FALSE
	EndGlobalSection
EndGlobal
